
Microsoft Visual Studio Solution File, Format Version 12.00
# Visual Studio 15
Project("{FAE04EC0-301F-11D3-BF4B-00C04F79EFBC}") = "Assembly-CSharp", "Assembly-CSharp.csproj", "{5FF63D80-98BB-8270-140F-954A9D3B28BB}"
EndProject
Project("{FAE04EC0-301F-11D3-BF4B-00C04F79EFBC}") = "Assembly-CSharp-Editor", "Assembly-CSharp-Editor.csproj", "{28F8376C-5E61-E749-299A-C9165DCD7988}"
EndProject
Global
	GlobalSection(SolutionConfigurationPlatforms) = preSolution
		Debug|Any CPU = Debug|Any CPU
		Release|Any CPU = Release|Any CPU
	EndGlobalSection
	GlobalSection(ProjectConfigurationPlatforms) = postSolution
		{5FF63D80-98BB-8270-140F-954A9D3B28BB}.Debug|Any CPU.ActiveCfg = Debug|Any CPU
		{5FF63D80-98BB-8270-140F-954A9D3B28BB}.Debug|Any CPU.Build.0 = Debug|Any CPU
		{5FF63D80-98BB-8270-140F-954A9D3B28BB}.Release|Any CPU.ActiveCfg = Release|Any CPU
		{5FF63D80-98BB-8270-140F-954A9D3B28BB}.Release|Any CPU.Build.0 = Release|Any CPU
		{28F8376C-5E61-E749-299A-C9165DCD7988}.Debug|Any CPU.ActiveCfg = Debug|Any CPU
		{28F8376C-5E61-E749-299A-C9165DCD7988}.Debug|Any CPU.Build.0 = Debug|Any CPU
		{28F8376C-5E61-E749-299A-C9165DCD7988}.Release|Any CPU.ActiveCfg = Release|Any CPU
		{28F8376C-5E61-E749-299A-C9165DCD7988}.Release|Any CPU.Build.0 = Release|Any CPU
	EndGlobalSection
	GlobalSection(SolutionProperties) = preSolution
		HideSolutionNode = FALSE
	EndGlobalSection
EndGlobal
